// !$*UTF8*$!
{
	archiveVersion = 1;
	classes = {
	};
	objectVersion = 56;
	objects = {

/* Begin PBXBuildFile section */
		4338FDFB2A2F6F9500418122 /* NavigationCoordinator.swift in Sources */ = {isa = PBXBuildFile; fileRef = 4338FDFA2A2F6F9500418122 /* NavigationCoordinator.swift */; };
		4338FDFD2A2F6FD100418122 /* DependencyInjector.swift in Sources */ = {isa = PBXBuildFile; fileRef = 4338FDFC2A2F6FD100418122 /* DependencyInjector.swift */; };
		4338FE002A2F717800418122 /* RealmDBManager.swift in Sources */ = {isa = PBXBuildFile; fileRef = 4338FDFF2A2F717800418122 /* RealmDBManager.swift */; };
		4338FE052A2F752200418122 /* ListViewModel.swift in Sources */ = {isa = PBXBuildFile; fileRef = 4338FE042A2F752200418122 /* ListViewModel.swift */; };
		4338FE0A2A2F7AB000418122 /* UIView+Extension.swift in Sources */ = {isa = PBXBuildFile; fileRef = 4338FE092A2F7AB000418122 /* UIView+Extension.swift */; };
		4338FE0D2A2F850100418122 /* Utils.swift in Sources */ = {isa = PBXBuildFile; fileRef = 4338FE0C2A2F850100418122 /* Utils.swift */; };
		436E7A5B2A31E9B5004FF3DD /* TodoListRepositry.swift in Sources */ = {isa = PBXBuildFile; fileRef = 436E7A5A2A31E9B5004FF3DD /* TodoListRepositry.swift */; };
		436E7A5E2A31EA5B004FF3DD /* AddTodoRepositry.swift in Sources */ = {isa = PBXBuildFile; fileRef = 436E7A5D2A31EA5B004FF3DD /* AddTodoRepositry.swift */; };
		4381305D2A30431600F33538 /* AddTodoViewModel.swift in Sources */ = {isa = PBXBuildFile; fileRef = 4381305C2A30431600F33538 /* AddTodoViewModel.swift */; };
		438130632A3051F100F33538 /* ListViewController.swift in Sources */ = {isa = PBXBuildFile; fileRef = 438130622A3051F100F33538 /* ListViewController.swift */; };
		43A90D7D2A2F453F002B5F08 /* AppDelegate.swift in Sources */ = {isa = PBXBuildFile; fileRef = 43A90D7C2A2F453F002B5F08 /* AppDelegate.swift */; };
		43A90D7F2A2F453F002B5F08 /* SceneDelegate.swift in Sources */ = {isa = PBXBuildFile; fileRef = 43A90D7E2A2F453F002B5F08 /* SceneDelegate.swift */; };
		43A90D842A2F453F002B5F08 /* Main.storyboard in Resources */ = {isa = PBXBuildFile; fileRef = 43A90D822A2F453F002B5F08 /* Main.storyboard */; };
		43A90D862A2F4541002B5F08 /* Assets.xcassets in Resources */ = {isa = PBXBuildFile; fileRef = 43A90D852A2F4541002B5F08 /* Assets.xcassets */; };
		43A90D892A2F4541002B5F08 /* LaunchScreen.storyboard in Resources */ = {isa = PBXBuildFile; fileRef = 43A90D872A2F4541002B5F08 /* LaunchScreen.storyboard */; };
		43A90DB52A2F4F93002B5F08 /* ToDoTableViewCell.swift in Sources */ = {isa = PBXBuildFile; fileRef = 43A90DB32A2F4F93002B5F08 /* ToDoTableViewCell.swift */; };
		43A90DB62A2F4F93002B5F08 /* ToDoTableViewCell.xib in Resources */ = {isa = PBXBuildFile; fileRef = 43A90DB42A2F4F93002B5F08 /* ToDoTableViewCell.xib */; };
		43A90DB92A2F66BA002B5F08 /* AddToDoViewController.swift in Sources */ = {isa = PBXBuildFile; fileRef = 43A90DB82A2F66BA002B5F08 /* AddToDoViewController.swift */; };
		43A90DC02A2F6E74002B5F08 /* ToDoModel.swift in Sources */ = {isa = PBXBuildFile; fileRef = 43A90DBF2A2F6E74002B5F08 /* ToDoModel.swift */; };
		43B4524D2A3053A900C64CCD /* Constants.swift in Sources */ = {isa = PBXBuildFile; fileRef = 43B4524C2A3053A900C64CCD /* Constants.swift */; };
		43B452502A3056FB00C64CCD /* ListTestCase.swift in Sources */ = {isa = PBXBuildFile; fileRef = 43B4524F2A3056FB00C64CCD /* ListTestCase.swift */; };
		C357249BADFB35979F887931 /* Pods_Netomi_To_Do.framework in Frameworks */ = {isa = PBXBuildFile; fileRef = 290977BDE70DF68580626B31 /* Pods_Netomi_To_Do.framework */; };
		D6D66F6DFC956978A04E2E55 /* Pods_Netomi_To_DoTests.framework in Frameworks */ = {isa = PBXBuildFile; fileRef = CFEAADC3B20FEDB42D281D0F /* Pods_Netomi_To_DoTests.framework */; };
/* End PBXBuildFile section */

/* Begin PBXContainerItemProxy section */
		43A90D902A2F4542002B5F08 /* PBXContainerItemProxy */ = {
			isa = PBXContainerItemProxy;
			containerPortal = 43A90D712A2F453F002B5F08 /* Project object */;
			proxyType = 1;
			remoteGlobalIDString = 43A90D782A2F453F002B5F08;
			remoteInfo = "Netomi_To-Do";
		};
/* End PBXContainerItemProxy section */

/* Begin PBXFileReference section */
		290977BDE70DF68580626B31 /* Pods_Netomi_To_Do.framework */ = {isa = PBXFileReference; explicitFileType = wrapper.framework; includeInIndex = 0; path = Pods_Netomi_To_Do.framework; sourceTree = BUILT_PRODUCTS_DIR; };
		30177FBCF9802EC70199D8A1 /* Pods_Netomi_To_Do_Netomi_To_DoUITests.framework */ = {isa = PBXFileReference; explicitFileType = wrapper.framework; includeInIndex = 0; path = Pods_Netomi_To_Do_Netomi_To_DoUITests.framework; sourceTree = BUILT_PRODUCTS_DIR; };
		4338FDFA2A2F6F9500418122 /* NavigationCoordinator.swift */ = {isa = PBXFileReference; lastKnownFileType = sourcecode.swift; path = NavigationCoordinator.swift; sourceTree = "<group>"; };
		4338FDFC2A2F6FD100418122 /* DependencyInjector.swift */ = {isa = PBXFileReference; lastKnownFileType = sourcecode.swift; path = DependencyInjector.swift; sourceTree = "<group>"; };
		4338FDFF2A2F717800418122 /* RealmDBManager.swift */ = {isa = PBXFileReference; lastKnownFileType = sourcecode.swift; path = RealmDBManager.swift; sourceTree = "<group>"; };
		4338FE042A2F752200418122 /* ListViewModel.swift */ = {isa = PBXFileReference; lastKnownFileType = sourcecode.swift; path = ListViewModel.swift; sourceTree = "<group>"; };
		4338FE092A2F7AB000418122 /* UIView+Extension.swift */ = {isa = PBXFileReference; lastKnownFileType = sourcecode.swift; path = "UIView+Extension.swift"; sourceTree = "<group>"; };
		4338FE0C2A2F850100418122 /* Utils.swift */ = {isa = PBXFileReference; lastKnownFileType = sourcecode.swift; path = Utils.swift; sourceTree = "<group>"; };
		436E7A5A2A31E9B5004FF3DD /* TodoListRepositry.swift */ = {isa = PBXFileReference; lastKnownFileType = sourcecode.swift; path = TodoListRepositry.swift; sourceTree = "<group>"; };
		436E7A5D2A31EA5B004FF3DD /* AddTodoRepositry.swift */ = {isa = PBXFileReference; lastKnownFileType = sourcecode.swift; path = AddTodoRepositry.swift; sourceTree = "<group>"; };
		4381305C2A30431600F33538 /* AddTodoViewModel.swift */ = {isa = PBXFileReference; lastKnownFileType = sourcecode.swift; path = AddTodoViewModel.swift; sourceTree = "<group>"; };
		438130622A3051F100F33538 /* ListViewController.swift */ = {isa = PBXFileReference; fileEncoding = 4; lastKnownFileType = sourcecode.swift; path = ListViewController.swift; sourceTree = "<group>"; };
		43A90D792A2F453F002B5F08 /* Netomi_To-Do.app */ = {isa = PBXFileReference; explicitFileType = wrapper.application; includeInIndex = 0; path = "Netomi_To-Do.app"; sourceTree = BUILT_PRODUCTS_DIR; };
		43A90D7C2A2F453F002B5F08 /* AppDelegate.swift */ = {isa = PBXFileReference; lastKnownFileType = sourcecode.swift; path = AppDelegate.swift; sourceTree = "<group>"; };
		43A90D7E2A2F453F002B5F08 /* SceneDelegate.swift */ = {isa = PBXFileReference; lastKnownFileType = sourcecode.swift; path = SceneDelegate.swift; sourceTree = "<group>"; };
		43A90D832A2F453F002B5F08 /* Base */ = {isa = PBXFileReference; lastKnownFileType = file.storyboard; name = Base; path = Base.lproj/Main.storyboard; sourceTree = "<group>"; };
		43A90D852A2F4541002B5F08 /* Assets.xcassets */ = {isa = PBXFileReference; lastKnownFileType = folder.assetcatalog; path = Assets.xcassets; sourceTree = "<group>"; };
		43A90D882A2F4541002B5F08 /* Base */ = {isa = PBXFileReference; lastKnownFileType = file.storyboard; name = Base; path = Base.lproj/LaunchScreen.storyboard; sourceTree = "<group>"; };
		43A90D8A2A2F4541002B5F08 /* Info.plist */ = {isa = PBXFileReference; lastKnownFileType = text.plist.xml; path = Info.plist; sourceTree = "<group>"; };
		43A90D8F2A2F4542002B5F08 /* Netomi_To-DoTests.xctest */ = {isa = PBXFileReference; explicitFileType = wrapper.cfbundle; includeInIndex = 0; path = "Netomi_To-DoTests.xctest"; sourceTree = BUILT_PRODUCTS_DIR; };
		43A90DB32A2F4F93002B5F08 /* ToDoTableViewCell.swift */ = {isa = PBXFileReference; lastKnownFileType = sourcecode.swift; path = ToDoTableViewCell.swift; sourceTree = "<group>"; };
		43A90DB42A2F4F93002B5F08 /* ToDoTableViewCell.xib */ = {isa = PBXFileReference; lastKnownFileType = file.xib; path = ToDoTableViewCell.xib; sourceTree = "<group>"; };
		43A90DB82A2F66BA002B5F08 /* AddToDoViewController.swift */ = {isa = PBXFileReference; lastKnownFileType = sourcecode.swift; path = AddToDoViewController.swift; sourceTree = "<group>"; };
		43A90DBF2A2F6E74002B5F08 /* ToDoModel.swift */ = {isa = PBXFileReference; lastKnownFileType = sourcecode.swift; path = ToDoModel.swift; sourceTree = "<group>"; };
		43B4524C2A3053A900C64CCD /* Constants.swift */ = {isa = PBXFileReference; lastKnownFileType = sourcecode.swift; path = Constants.swift; sourceTree = "<group>"; };
		43B4524E2A3056FB00C64CCD /* Netomi_To-DoTests-Bridging-Header.h */ = {isa = PBXFileReference; lastKnownFileType = sourcecode.c.h; path = "Netomi_To-DoTests-Bridging-Header.h"; sourceTree = "<group>"; };
		43B4524F2A3056FB00C64CCD /* ListTestCase.swift */ = {isa = PBXFileReference; lastKnownFileType = sourcecode.swift; path = ListTestCase.swift; sourceTree = "<group>"; };
		B7C12998FDCB013BA2925573 /* Pods-Netomi_To-Do-Netomi_To-DoUITests.release.xcconfig */ = {isa = PBXFileReference; includeInIndex = 1; lastKnownFileType = text.xcconfig; name = "Pods-Netomi_To-Do-Netomi_To-DoUITests.release.xcconfig"; path = "Target Support Files/Pods-Netomi_To-Do-Netomi_To-DoUITests/Pods-Netomi_To-Do-Netomi_To-DoUITests.release.xcconfig"; sourceTree = "<group>"; };
		C226F33BF5EF6517C21CE5D1 /* Pods-Netomi_To-DoTests.debug.xcconfig */ = {isa = PBXFileReference; includeInIndex = 1; lastKnownFileType = text.xcconfig; name = "Pods-Netomi_To-DoTests.debug.xcconfig"; path = "Target Support Files/Pods-Netomi_To-DoTests/Pods-Netomi_To-DoTests.debug.xcconfig"; sourceTree = "<group>"; };
		C43F0F01D01BEB8F3B2D1B88 /* Pods-Netomi_To-Do.release.xcconfig */ = {isa = PBXFileReference; includeInIndex = 1; lastKnownFileType = text.xcconfig; name = "Pods-Netomi_To-Do.release.xcconfig"; path = "Target Support Files/Pods-Netomi_To-Do/Pods-Netomi_To-Do.release.xcconfig"; sourceTree = "<group>"; };
		CFEAADC3B20FEDB42D281D0F /* Pods_Netomi_To_DoTests.framework */ = {isa = PBXFileReference; explicitFileType = wrapper.framework; includeInIndex = 0; path = Pods_Netomi_To_DoTests.framework; sourceTree = BUILT_PRODUCTS_DIR; };
		D3338DBEED8B0E4912AFEA96 /* Pods-Netomi_To-Do-Netomi_To-DoUITests.debug.xcconfig */ = {isa = PBXFileReference; includeInIndex = 1; lastKnownFileType = text.xcconfig; name = "Pods-Netomi_To-Do-Netomi_To-DoUITests.debug.xcconfig"; path = "Target Support Files/Pods-Netomi_To-Do-Netomi_To-DoUITests/Pods-Netomi_To-Do-Netomi_To-DoUITests.debug.xcconfig"; sourceTree = "<group>"; };
		F0617F9FDF9297AB628EE499 /* Pods-Netomi_To-Do.debug.xcconfig */ = {isa = PBXFileReference; includeInIndex = 1; lastKnownFileType = text.xcconfig; name = "Pods-Netomi_To-Do.debug.xcconfig"; path = "Target Support Files/Pods-Netomi_To-Do/Pods-Netomi_To-Do.debug.xcconfig"; sourceTree = "<group>"; };
		FE67750B86008364C31F4DB3 /* Pods-Netomi_To-DoTests.release.xcconfig */ = {isa = PBXFileReference; includeInIndex = 1; lastKnownFileType = text.xcconfig; name = "Pods-Netomi_To-DoTests.release.xcconfig"; path = "Target Support Files/Pods-Netomi_To-DoTests/Pods-Netomi_To-DoTests.release.xcconfig"; sourceTree = "<group>"; };
/* End PBXFileReference section */

/* Begin PBXFrameworksBuildPhase section */
		43A90D762A2F453F002B5F08 /* Frameworks */ = {
			isa = PBXFrameworksBuildPhase;
			buildActionMask = 2147483647;
			files = (
				C357249BADFB35979F887931 /* Pods_Netomi_To_Do.framework in Frameworks */,
			);
			runOnlyForDeploymentPostprocessing = 0;
		};
		43A90D8C2A2F4542002B5F08 /* Frameworks */ = {
			isa = PBXFrameworksBuildPhase;
			buildActionMask = 2147483647;
			files = (
				D6D66F6DFC956978A04E2E55 /* Pods_Netomi_To_DoTests.framework in Frameworks */,
			);
			runOnlyForDeploymentPostprocessing = 0;
		};
/* End PBXFrameworksBuildPhase section */

/* Begin PBXGroup section */
		4338FDF92A2F6F7400418122 /* NavigationCoordinator */ = {
			isa = PBXGroup;
			children = (
				4338FDFA2A2F6F9500418122 /* NavigationCoordinator.swift */,
			);
			path = NavigationCoordinator;
			sourceTree = "<group>";
		};
		4338FDFE2A2F715600418122 /* DataBaseManager */ = {
			isa = PBXGroup;
			children = (
				4338FDFF2A2F717800418122 /* RealmDBManager.swift */,
			);
			name = DataBaseManager;
			sourceTree = "<group>";
		};
		4338FE062A2F786A00418122 /* ViewModel */ = {
			isa = PBXGroup;
			children = (
				4338FE042A2F752200418122 /* ListViewModel.swift */,
			);
			path = ViewModel;
			sourceTree = "<group>";
		};
		4338FE072A2F7A7C00418122 /* Utils */ = {
			isa = PBXGroup;
			children = (
				4338FE082A2F7A8400418122 /* UIViewExtenion */,
				4338FE0C2A2F850100418122 /* Utils.swift */,
			);
			path = Utils;
			sourceTree = "<group>";
		};
		4338FE082A2F7A8400418122 /* UIViewExtenion */ = {
			isa = PBXGroup;
			children = (
				4338FE092A2F7AB000418122 /* UIView+Extension.swift */,
			);
			path = UIViewExtenion;
			sourceTree = "<group>";
		};
		436E7A522A31E8E3004FF3DD /* Modules */ = {
			isa = PBXGroup;
			children = (
				436E7A552A31E8FA004FF3DD /* AddTodo */,
				436E7A532A31E8EC004FF3DD /* TodoListView */,
			);
			path = Modules;
			sourceTree = "<group>";
		};
		436E7A532A31E8EC004FF3DD /* TodoListView */ = {
			isa = PBXGroup;
			children = (
				43A90DBB2A2F6D1E002B5F08 /* Model */,
				4338FE062A2F786A00418122 /* ViewModel */,
				436E7A562A31E926004FF3DD /* Controller */,
				43A90DB22A2F4F60002B5F08 /* TableViewCell */,
				436E7A592A31E990004FF3DD /* Repositry */,
			);
			path = TodoListView;
			sourceTree = "<group>";
		};
		436E7A552A31E8FA004FF3DD /* AddTodo */ = {
			isa = PBXGroup;
			children = (
				436E7A5C2A31EA3C004FF3DD /* Repositry */,
				436E7A582A31E961004FF3DD /* Controller */,
				436E7A572A31E94B004FF3DD /* ViewModel */,
			);
			path = AddTodo;
			sourceTree = "<group>";
		};
		436E7A562A31E926004FF3DD /* Controller */ = {
			isa = PBXGroup;
			children = (
				438130622A3051F100F33538 /* ListViewController.swift */,
			);
			path = Controller;
			sourceTree = "<group>";
		};
		436E7A572A31E94B004FF3DD /* ViewModel */ = {
			isa = PBXGroup;
			children = (
				4381305C2A30431600F33538 /* AddTodoViewModel.swift */,
			);
			path = ViewModel;
			sourceTree = "<group>";
		};
		436E7A582A31E961004FF3DD /* Controller */ = {
			isa = PBXGroup;
			children = (
				43A90DB82A2F66BA002B5F08 /* AddToDoViewController.swift */,
			);
			path = Controller;
			sourceTree = "<group>";
		};
		436E7A592A31E990004FF3DD /* Repositry */ = {
			isa = PBXGroup;
			children = (
				436E7A5A2A31E9B5004FF3DD /* TodoListRepositry.swift */,
			);
			path = Repositry;
			sourceTree = "<group>";
		};
		436E7A5C2A31EA3C004FF3DD /* Repositry */ = {
			isa = PBXGroup;
			children = (
				436E7A5D2A31EA5B004FF3DD /* AddTodoRepositry.swift */,
			);
			path = Repositry;
			sourceTree = "<group>";
		};
		43A90D702A2F453F002B5F08 = {
			isa = PBXGroup;
			children = (
				43A90D7B2A2F453F002B5F08 /* Netomi_To-Do */,
				43A90D922A2F4542002B5F08 /* Netomi_To-DoTests */,
				43A90D7A2A2F453F002B5F08 /* Products */,
				C8A38EB82670C5A214693579 /* Pods */,
				BDF938F6B763D4E899E967F4 /* Frameworks */,
			);
			sourceTree = "<group>";
		};
		43A90D7A2A2F453F002B5F08 /* Products */ = {
			isa = PBXGroup;
			children = (
				43A90D792A2F453F002B5F08 /* Netomi_To-Do.app */,
				43A90D8F2A2F4542002B5F08 /* Netomi_To-DoTests.xctest */,
			);
			name = Products;
			sourceTree = "<group>";
		};
		43A90D7B2A2F453F002B5F08 /* Netomi_To-Do */ = {
			isa = PBXGroup;
			children = (
				43A90D7C2A2F453F002B5F08 /* AppDelegate.swift */,
				43A90D7E2A2F453F002B5F08 /* SceneDelegate.swift */,
				4338FDF92A2F6F7400418122 /* NavigationCoordinator */,
				43A90DBC2A2F6D24002B5F08 /* DependencyInjector */,
				436E7A522A31E8E3004FF3DD /* Modules */,
				43B4524B2A30539A00C64CCD /* Constants */,
				4338FE072A2F7A7C00418122 /* Utils */,
				4338FDFE2A2F715600418122 /* DataBaseManager */,
				43A90DAE2A2F45BB002B5F08 /* Storyboard */,
				43A90D852A2F4541002B5F08 /* Assets.xcassets */,
				43A90D872A2F4541002B5F08 /* LaunchScreen.storyboard */,
				43A90D8A2A2F4541002B5F08 /* Info.plist */,
			);
			path = "Netomi_To-Do";
			sourceTree = "<group>";
		};
		43A90D922A2F4542002B5F08 /* Netomi_To-DoTests */ = {
			isa = PBXGroup;
			children = (
				43B4524F2A3056FB00C64CCD /* ListTestCase.swift */,
				43B4524E2A3056FB00C64CCD /* Netomi_To-DoTests-Bridging-Header.h */,
			);
			path = "Netomi_To-DoTests";
			sourceTree = "<group>";
		};
		43A90DAE2A2F45BB002B5F08 /* Storyboard */ = {
			isa = PBXGroup;
			children = (
				43A90D822A2F453F002B5F08 /* Main.storyboard */,
			);
			path = Storyboard;
			sourceTree = "<group>";
		};
		43A90DB22A2F4F60002B5F08 /* TableViewCell */ = {
			isa = PBXGroup;
			children = (
				43A90DB32A2F4F93002B5F08 /* ToDoTableViewCell.swift */,
				43A90DB42A2F4F93002B5F08 /* ToDoTableViewCell.xib */,
			);
			path = TableViewCell;
			sourceTree = "<group>";
		};
		43A90DBB2A2F6D1E002B5F08 /* Model */ = {
			isa = PBXGroup;
			children = (
				43A90DBF2A2F6E74002B5F08 /* ToDoModel.swift */,
			);
			path = Model;
			sourceTree = "<group>";
		};
		43A90DBC2A2F6D24002B5F08 /* DependencyInjector */ = {
			isa = PBXGroup;
			children = (
				4338FDFC2A2F6FD100418122 /* DependencyInjector.swift */,
			);
			path = DependencyInjector;
			sourceTree = "<group>";
		};
		43B4524B2A30539A00C64CCD /* Constants */ = {
			isa = PBXGroup;
			children = (
				43B4524C2A3053A900C64CCD /* Constants.swift */,
			);
			path = Constants;
			sourceTree = "<group>";
		};
		BDF938F6B763D4E899E967F4 /* Frameworks */ = {
			isa = PBXGroup;
			children = (
				290977BDE70DF68580626B31 /* Pods_Netomi_To_Do.framework */,
				30177FBCF9802EC70199D8A1 /* Pods_Netomi_To_Do_Netomi_To_DoUITests.framework */,
				CFEAADC3B20FEDB42D281D0F /* Pods_Netomi_To_DoTests.framework */,
			);
			name = Frameworks;
			sourceTree = "<group>";
		};
		C8A38EB82670C5A214693579 /* Pods */ = {
			isa = PBXGroup;
			children = (
				F0617F9FDF9297AB628EE499 /* Pods-Netomi_To-Do.debug.xcconfig */,
				C43F0F01D01BEB8F3B2D1B88 /* Pods-Netomi_To-Do.release.xcconfig */,
				D3338DBEED8B0E4912AFEA96 /* Pods-Netomi_To-Do-Netomi_To-DoUITests.debug.xcconfig */,
				B7C12998FDCB013BA2925573 /* Pods-Netomi_To-Do-Netomi_To-DoUITests.release.xcconfig */,
				C226F33BF5EF6517C21CE5D1 /* Pods-Netomi_To-DoTests.debug.xcconfig */,
				FE67750B86008364C31F4DB3 /* Pods-Netomi_To-DoTests.release.xcconfig */,
			);
			path = Pods;
			sourceTree = "<group>";
		};
/* End PBXGroup section */

/* Begin PBXNativeTarget section */
		43A90D782A2F453F002B5F08 /* Netomi_To-Do */ = {
			isa = PBXNativeTarget;
			buildConfigurationList = 43A90DA32A2F4542002B5F08 /* Build configuration list for PBXNativeTarget "Netomi_To-Do" */;
			buildPhases = (
				CEE6077872CD61FC9C684B7B /* [CP] Check Pods Manifest.lock */,
				43A90D752A2F453F002B5F08 /* Sources */,
				43A90D762A2F453F002B5F08 /* Frameworks */,
				43A90D772A2F453F002B5F08 /* Resources */,
				F35FCE3AFFBE7A01052CDBE8 /* [CP] Embed Pods Frameworks */,
			);
			buildRules = (
			);
			dependencies = (
			);
			name = "Netomi_To-Do";
			productName = "Netomi_To-Do";
			productReference = 43A90D792A2F453F002B5F08 /* Netomi_To-Do.app */;
			productType = "com.apple.product-type.application";
		};
		43A90D8E2A2F4542002B5F08 /* Netomi_To-DoTests */ = {
			isa = PBXNativeTarget;
			buildConfigurationList = 43A90DA62A2F4542002B5F08 /* Build configuration list for PBXNativeTarget "Netomi_To-DoTests" */;
			buildPhases = (
				4B8347383922AD3E95941A6F /* [CP] Check Pods Manifest.lock */,
				43A90D8B2A2F4542002B5F08 /* Sources */,
				43A90D8C2A2F4542002B5F08 /* Frameworks */,
				43A90D8D2A2F4542002B5F08 /* Resources */,
			);
			buildRules = (
			);
			dependencies = (
				43A90D912A2F4542002B5F08 /* PBXTargetDependency */,
			);
			name = "Netomi_To-DoTests";
			productName = "Netomi_To-DoTests";
			productReference = 43A90D8F2A2F4542002B5F08 /* Netomi_To-DoTests.xctest */;
			productType = "com.apple.product-type.bundle.unit-test";
		};
/* End PBXNativeTarget section */

/* Begin PBXProject section */
		43A90D712A2F453F002B5F08 /* Project object */ = {
			isa = PBXProject;
			attributes = {
				BuildIndependentTargetsInParallel = 1;
				LastSwiftUpdateCheck = 1420;
				LastUpgradeCheck = 1420;
				TargetAttributes = {
					43A90D782A2F453F002B5F08 = {
						CreatedOnToolsVersion = 14.2;
					};
					43A90D8E2A2F4542002B5F08 = {
						CreatedOnToolsVersion = 14.2;
						LastSwiftMigration = 1420;
						TestTargetID = 43A90D782A2F453F002B5F08;
					};
				};
			};
			buildConfigurationList = 43A90D742A2F453F002B5F08 /* Build configuration list for PBXProject "Netomi_To-Do" */;
			compatibilityVersion = "Xcode 14.0";
			developmentRegion = en;
			hasScannedForEncodings = 0;
			knownRegions = (
				en,
				Base,
			);
			mainGroup = 43A90D702A2F453F002B5F08;
			productRefGroup = 43A90D7A2A2F453F002B5F08 /* Products */;
			projectDirPath = "";
			projectRoot = "";
			targets = (
				43A90D782A2F453F002B5F08 /* Netomi_To-Do */,
				43A90D8E2A2F4542002B5F08 /* Netomi_To-DoTests */,
			);
		};
/* End PBXProject section */

/* Begin PBXResourcesBuildPhase section */
		43A90D772A2F453F002B5F08 /* Resources */ = {
			isa = PBXResourcesBuildPhase;
			buildActionMask = 2147483647;
			files = (
				43A90D892A2F4541002B5F08 /* LaunchScreen.storyboard in Resources */,
				43A90D862A2F4541002B5F08 /* Assets.xcassets in Resources */,
				43A90D842A2F453F002B5F08 /* Main.storyboard in Resources */,
				43A90DB62A2F4F93002B5F08 /* ToDoTableViewCell.xib in Resources */,
			);
			runOnlyForDeploymentPostprocessing = 0;
		};
		43A90D8D2A2F4542002B5F08 /* Resources */ = {
			isa = PBXResourcesBuildPhase;
			buildActionMask = 2147483647;
			files = (
			);
			runOnlyForDeploymentPostprocessing = 0;
		};
/* End PBXResourcesBuildPhase section */

/* Begin PBXShellScriptBuildPhase section */
		4B8347383922AD3E95941A6F /* [CP] Check Pods Manifest.lock */ = {
			isa = PBXShellScriptBuildPhase;
			buildActionMask = 2147483647;
			files = (
			);
			inputFileListPaths = (
			);
			inputPaths = (
				"${PODS_PODFILE_DIR_PATH}/Podfile.lock",
				"${PODS_ROOT}/Manifest.lock",
			);
			name = "[CP] Check Pods Manifest.lock";
			outputFileListPaths = (
			);
			outputPaths = (
				"$(DERIVED_FILE_DIR)/Pods-Netomi_To-DoTests-checkManifestLockResult.txt",
			);
			runOnlyForDeploymentPostprocessing = 0;
			shellPath = /bin/sh;
			shellScript = "diff \"${PODS_PODFILE_DIR_PATH}/Podfile.lock\" \"${PODS_ROOT}/Manifest.lock\" > /dev/null\nif [ $? != 0 ] ; then\n    # print error to STDERR\n    echo \"error: The sandbox is not in sync with the Podfile.lock. Run 'pod install' or update your CocoaPods installation.\" >&2\n    exit 1\nfi\n# This output is used by Xcode 'outputs' to avoid re-running this script phase.\necho \"SUCCESS\" > \"${SCRIPT_OUTPUT_FILE_0}\"\n";
			showEnvVarsInLog = 0;
		};
		CEE6077872CD61FC9C684B7B /* [CP] Check Pods Manifest.lock */ = {
			isa = PBXShellScriptBuildPhase;
			buildActionMask = 2147483647;
			files = (
			);
			inputFileListPaths = (
			);
			inputPaths = (
				"${PODS_PODFILE_DIR_PATH}/Podfile.lock",
				"${PODS_ROOT}/Manifest.lock",
			);
			name = "[CP] Check Pods Manifest.lock";
			outputFileListPaths = (
			);
			outputPaths = (
				"$(DERIVED_FILE_DIR)/Pods-Netomi_To-Do-checkManifestLockResult.txt",
			);
			runOnlyForDeploymentPostprocessing = 0;
			shellPath = /bin/sh;
			shellScript = "diff \"${PODS_PODFILE_DIR_PATH}/Podfile.lock\" \"${PODS_ROOT}/Manifest.lock\" > /dev/null\nif [ $? != 0 ] ; then\n    # print error to STDERR\n    echo \"error: The sandbox is not in sync with the Podfile.lock. Run 'pod install' or update your CocoaPods installation.\" >&2\n    exit 1\nfi\n# This output is used by Xcode 'outputs' to avoid re-running this script phase.\necho \"SUCCESS\" > \"${SCRIPT_OUTPUT_FILE_0}\"\n";
			showEnvVarsInLog = 0;
		};
		F35FCE3AFFBE7A01052CDBE8 /* [CP] Embed Pods Frameworks */ = {
			isa = PBXShellScriptBuildPhase;
			buildActionMask = 2147483647;
			files = (
			);
			inputFileListPaths = (
				"${PODS_ROOT}/Target Support Files/Pods-Netomi_To-Do/Pods-Netomi_To-Do-frameworks-${CONFIGURATION}-input-files.xcfilelist",
			);
			name = "[CP] Embed Pods Frameworks";
			outputFileListPaths = (
				"${PODS_ROOT}/Target Support Files/Pods-Netomi_To-Do/Pods-Netomi_To-Do-frameworks-${CONFIGURATION}-output-files.xcfilelist",
			);
			runOnlyForDeploymentPostprocessing = 0;
			shellPath = /bin/sh;
			shellScript = "\"${PODS_ROOT}/Target Support Files/Pods-Netomi_To-Do/Pods-Netomi_To-Do-frameworks.sh\"\n";
			showEnvVarsInLog = 0;
		};
/* End PBXShellScriptBuildPhase section */

/* Begin PBXSourcesBuildPhase section */
		43A90D752A2F453F002B5F08 /* Sources */ = {
			isa = PBXSourcesBuildPhase;
			buildActionMask = 2147483647;
			files = (
				4338FDFD2A2F6FD100418122 /* DependencyInjector.swift in Sources */,
				43A90D7D2A2F453F002B5F08 /* AppDelegate.swift in Sources */,
				43A90D7F2A2F453F002B5F08 /* SceneDelegate.swift in Sources */,
				4338FE002A2F717800418122 /* RealmDBManager.swift in Sources */,
				43A90DB92A2F66BA002B5F08 /* AddToDoViewController.swift in Sources */,
				436E7A5B2A31E9B5004FF3DD /* TodoListRepositry.swift in Sources */,
				43B4524D2A3053A900C64CCD /* Constants.swift in Sources */,
				4338FE0D2A2F850100418122 /* Utils.swift in Sources */,
				438130632A3051F100F33538 /* ListViewController.swift in Sources */,
				436E7A5E2A31EA5B004FF3DD /* AddTodoRepositry.swift in Sources */,
				4338FE0A2A2F7AB000418122 /* UIView+Extension.swift in Sources */,
				43A90DB52A2F4F93002B5F08 /* ToDoTableViewCell.swift in Sources */,
				4381305D2A30431600F33538 /* AddTodoViewModel.swift in Sources */,
				43A90DC02A2F6E74002B5F08 /* ToDoModel.swift in Sources */,
				4338FDFB2A2F6F9500418122 /* NavigationCoordinator.swift in Sources */,
				4338FE052A2F752200418122 /* ListViewModel.swift in Sources */,
			);
			runOnlyForDeploymentPostprocessing = 0;
		};
		43A90D8B2A2F4542002B5F08 /* Sources */ = {
			isa = PBXSourcesBuildPhase;
			buildActionMask = 2147483647;
			files = (
				43B452502A3056FB00C64CCD /* ListTestCase.swift in Sources */,
			);
			runOnlyForDeploymentPostprocessing = 0;
		};
/* End PBXSourcesBuildPhase section */

/* Begin PBXTargetDependency section */
		43A90D912A2F4542002B5F08 /* PBXTargetDependency */ = {
			isa = PBXTargetDependency;
			target = 43A90D782A2F453F002B5F08 /* Netomi_To-Do */;
			targetProxy = 43A90D902A2F4542002B5F08 /* PBXContainerItemProxy */;
		};
/* End PBXTargetDependency section */

/* Begin PBXVariantGroup section */
		43A90D822A2F453F002B5F08 /* Main.storyboard */ = {
			isa = PBXVariantGroup;
			children = (
				43A90D832A2F453F002B5F08 /* Base */,
			);
			name = Main.storyboard;
			sourceTree = "<group>";
		};
		43A90D872A2F4541002B5F08 /* LaunchScreen.storyboard */ = {
			isa = PBXVariantGroup;
			children = (
				43A90D882A2F4541002B5F08 /* Base */,
			);
			name = LaunchScreen.storyboard;
			sourceTree = "<group>";
		};
/* End PBXVariantGroup section */

/* Begin XCBuildConfiguration section */
		43A90DA12A2F4542002B5F08 /* Debug */ = {
			isa = XCBuildConfiguration;
			buildSettings = {
				ALWAYS_SEARCH_USER_PATHS = NO;
				CLANG_ANALYZER_NONNULL = YES;
				CLANG_ANALYZER_NUMBER_OBJECT_CONVERSION = YES_AGGRESSIVE;
				CLANG_CXX_LANGUAGE_STANDARD = "gnu++20";
				CLANG_ENABLE_MODULES = YES;
				CLANG_ENABLE_OBJC_ARC = YES;
				CLANG_ENABLE_OBJC_WEAK = YES;
				CLANG_WARN_BLOCK_CAPTURE_AUTORELEASING = YES;
				CLANG_WARN_BOOL_CONVERSION = YES;
				CLANG_WARN_COMMA = YES;
				CLANG_WARN_CONSTANT_CONVERSION = YES;
				CLANG_WARN_DEPRECATED_OBJC_IMPLEMENTATIONS = YES;
				CLANG_WARN_DIRECT_OBJC_ISA_USAGE = YES_ERROR;
				CLANG_WARN_DOCUMENTATION_COMMENTS = YES;
				CLANG_WARN_EMPTY_BODY = YES;
				CLANG_WARN_ENUM_CONVERSION = YES;
				CLANG_WARN_INFINITE_RECURSION = YES;
				CLANG_WARN_INT_CONVERSION = YES;
				CLANG_WARN_NON_LITERAL_NULL_CONVERSION = YES;
				CLANG_WARN_OBJC_IMPLICIT_RETAIN_SELF = YES;
				CLANG_WARN_OBJC_LITERAL_CONVERSION = YES;
				CLANG_WARN_OBJC_ROOT_CLASS = YES_ERROR;
				CLANG_WARN_QUOTED_INCLUDE_IN_FRAMEWORK_HEADER = YES;
				CLANG_WARN_RANGE_LOOP_ANALYSIS = YES;
				CLANG_WARN_STRICT_PROTOTYPES = YES;
				CLANG_WARN_SUSPICIOUS_MOVE = YES;
				CLANG_WARN_UNGUARDED_AVAILABILITY = YES_AGGRESSIVE;
				CLANG_WARN_UNREACHABLE_CODE = YES;
				CLANG_WARN__DUPLICATE_METHOD_MATCH = YES;
				COPY_PHASE_STRIP = NO;
				DEBUG_INFORMATION_FORMAT = dwarf;
				ENABLE_STRICT_OBJC_MSGSEND = YES;
				ENABLE_TESTABILITY = YES;
				GCC_C_LANGUAGE_STANDARD = gnu11;
				GCC_DYNAMIC_NO_PIC = NO;
				GCC_NO_COMMON_BLOCKS = YES;
				GCC_OPTIMIZATION_LEVEL = 0;
				GCC_PREPROCESSOR_DEFINITIONS = (
					"DEBUG=1",
					"$(inherited)",
				);
				GCC_WARN_64_TO_32_BIT_CONVERSION = YES;
				GCC_WARN_ABOUT_RETURN_TYPE = YES_ERROR;
				GCC_WARN_UNDECLARED_SELECTOR = YES;
				GCC_WARN_UNINITIALIZED_AUTOS = YES_AGGRESSIVE;
				GCC_WARN_UNUSED_FUNCTION = YES;
				GCC_WARN_UNUSED_VARIABLE = YES;
				IPHONEOS_DEPLOYMENT_TARGET = 16.2;
				MTL_ENABLE_DEBUG_INFO = INCLUDE_SOURCE;
				MTL_FAST_MATH = YES;
				ONLY_ACTIVE_ARCH = YES;
				SDKROOT = iphoneos;
				SWIFT_ACTIVE_COMPILATION_CONDITIONS = DEBUG;
				SWIFT_OPTIMIZATION_LEVEL = "-Onone";
			};
			name = Debug;
		};
		43A90DA22A2F4542002B5F08 /* Release */ = {
			isa = XCBuildConfiguration;
			buildSettings = {
				ALWAYS_SEARCH_USER_PATHS = NO;
				CLANG_ANALYZER_NONNULL = YES;
				CLANG_ANALYZER_NUMBER_OBJECT_CONVERSION = YES_AGGRESSIVE;
				CLANG_CXX_LANGUAGE_STANDARD = "gnu++20";
				CLANG_ENABLE_MODULES = YES;
				CLANG_ENABLE_OBJC_ARC = YES;
				CLANG_ENABLE_OBJC_WEAK = YES;
				CLANG_WARN_BLOCK_CAPTURE_AUTORELEASING = YES;
				CLANG_WARN_BOOL_CONVERSION = YES;
				CLANG_WARN_COMMA = YES;
				CLANG_WARN_CONSTANT_CONVERSION = YES;
				CLANG_WARN_DEPRECATED_OBJC_IMPLEMENTATIONS = YES;
				CLANG_WARN_DIRECT_OBJC_ISA_USAGE = YES_ERROR;
				CLANG_WARN_DOCUMENTATION_COMMENTS = YES;
				CLANG_WARN_EMPTY_BODY = YES;
				CLANG_WARN_ENUM_CONVERSION = YES;
				CLANG_WARN_INFINITE_RECURSION = YES;
				CLANG_WARN_INT_CONVERSION = YES;
				CLANG_WARN_NON_LITERAL_NULL_CONVERSION = YES;
				CLANG_WARN_OBJC_IMPLICIT_RETAIN_SELF = YES;
				CLANG_WARN_OBJC_LITERAL_CONVERSION = YES;
				CLANG_WARN_OBJC_ROOT_CLASS = YES_ERROR;
				CLANG_WARN_QUOTED_INCLUDE_IN_FRAMEWORK_HEADER = YES;
				CLANG_WARN_RANGE_LOOP_ANALYSIS = YES;
				CLANG_WARN_STRICT_PROTOTYPES = YES;
				CLANG_WARN_SUSPICIOUS_MOVE = YES;
				CLANG_WARN_UNGUARDED_AVAILABILITY = YES_AGGRESSIVE;
				CLANG_WARN_UNREACHABLE_CODE = YES;
				CLANG_WARN__DUPLICATE_METHOD_MATCH = YES;
				COPY_PHASE_STRIP = NO;
				DEBUG_INFORMATION_FORMAT = "dwarf-with-dsym";
				ENABLE_NS_ASSERTIONS = NO;
				ENABLE_STRICT_OBJC_MSGSEND = YES;
				GCC_C_LANGUAGE_STANDARD = gnu11;
				GCC_NO_COMMON_BLOCKS = YES;
				GCC_WARN_64_TO_32_BIT_CONVERSION = YES;
				GCC_WARN_ABOUT_RETURN_TYPE = YES_ERROR;
				GCC_WARN_UNDECLARED_SELECTOR = YES;
				GCC_WARN_UNINITIALIZED_AUTOS = YES_AGGRESSIVE;
				GCC_WARN_UNUSED_FUNCTION = YES;
				GCC_WARN_UNUSED_VARIABLE = YES;
				IPHONEOS_DEPLOYMENT_TARGET = 16.2;
				MTL_ENABLE_DEBUG_INFO = NO;
				MTL_FAST_MATH = YES;
				SDKROOT = iphoneos;
				SWIFT_COMPILATION_MODE = wholemodule;
				SWIFT_OPTIMIZATION_LEVEL = "-O";
				VALIDATE_PRODUCT = YES;
			};
			name = Release;
		};
		43A90DA42A2F4542002B5F08 /* Debug */ = {
			isa = XCBuildConfiguration;
			baseConfigurationReference = F0617F9FDF9297AB628EE499 /* Pods-Netomi_To-Do.debug.xcconfig */;
			buildSettings = {
				ASSETCATALOG_COMPILER_APPICON_NAME = AppIcon;
				ASSETCATALOG_COMPILER_GLOBAL_ACCENT_COLOR_NAME = AccentColor;
				CODE_SIGN_STYLE = Automatic;
				CURRENT_PROJECT_VERSION = 1;
				GENERATE_INFOPLIST_FILE = YES;
				INFOPLIST_FILE = "Netomi_To-Do/Info.plist";
				INFOPLIST_KEY_UIApplicationSupportsIndirectInputEvents = YES;
				INFOPLIST_KEY_UILaunchStoryboardName = LaunchScreen;
				INFOPLIST_KEY_UIMainStoryboardFile = Main;
				INFOPLIST_KEY_UISupportedInterfaceOrientations_iPad = "UIInterfaceOrientationPortrait UIInterfaceOrientationPortraitUpsideDown UIInterfaceOrientationLandscapeLeft UIInterfaceOrientationLandscapeRight";
				INFOPLIST_KEY_UISupportedInterfaceOrientations_iPhone = "UIInterfaceOrientationPortrait UIInterfaceOrientationLandscapeLeft UIInterfaceOrientationLandscapeRight";
				LD_RUNPATH_SEARCH_PATHS = (
					"$(inherited)",
					"@executable_path/Frameworks",
				);
				MARKETING_VERSION = 1.0;
				PRODUCT_BUNDLE_IDENTIFIER = "self.Netomi-To-Do";
				PRODUCT_NAME = "$(TARGET_NAME)";
				SWIFT_EMIT_LOC_STRINGS = YES;
				SWIFT_VERSION = 5.0;
				TARGETED_DEVICE_FAMILY = "1,2";
			};
			name = Debug;
		};
		43A90DA52A2F4542002B5F08 /* Release */ = {
			isa = XCBuildConfiguration;
			baseConfigurationReference = C43F0F01D01BEB8F3B2D1B88 /* Pods-Netomi_To-Do.release.xcconfig */;
			buildSettings = {
				ASSETCATALOG_COMPILER_APPICON_NAME = AppIcon;
				ASSETCATALOG_COMPILER_GLOBAL_ACCENT_COLOR_NAME = AccentColor;
				CODE_SIGN_STYLE = Automatic;
				CURRENT_PROJECT_VERSION = 1;
				GENERATE_INFOPLIST_FILE = YES;
				INFOPLIST_FILE = "Netomi_To-Do/Info.plist";
				INFOPLIST_KEY_UIApplicationSupportsIndirectInputEvents = YES;
				INFOPLIST_KEY_UILaunchStoryboardName = LaunchScreen;
				INFOPLIST_KEY_UIMainStoryboardFile = Main;
				INFOPLIST_KEY_UISupportedInterfaceOrientations_iPad = "UIInterfaceOrientationPortrait UIInterfaceOrientationPortraitUpsideDown UIInterfaceOrientationLandscapeLeft UIInterfaceOrientationLandscapeRight";
				INFOPLIST_KEY_UISupportedInterfaceOrientations_iPhone = "UIInterfaceOrientationPortrait UIInterfaceOrientationLandscapeLeft UIInterfaceOrientationLandscapeRight";
				LD_RUNPATH_SEARCH_PATHS = (
					"$(inherited)",
					"@executable_path/Frameworks",
				);
				MARKETING_VERSION = 1.0;
				PRODUCT_BUNDLE_IDENTIFIER = "self.Netomi-To-Do";
				PRODUCT_NAME = "$(TARGET_NAME)";
				SWIFT_EMIT_LOC_STRINGS = YES;
				SWIFT_VERSION = 5.0;
				TARGETED_DEVICE_FAMILY = "1,2";
			};
			name = Release;
		};
		43A90DA72A2F4542002B5F08 /* Debug */ = {
			isa = XCBuildConfiguration;
			baseConfigurationReference = C226F33BF5EF6517C21CE5D1 /* Pods-Netomi_To-DoTests.debug.xcconfig */;
			buildSettings = {
				ALWAYS_EMBED_SWIFT_STANDARD_LIBRARIES = YES;
				BUNDLE_LOADER = "$(TEST_HOST)";
				CLANG_ENABLE_MODULES = YES;
				CODE_SIGN_STYLE = Automatic;
				CURRENT_PROJECT_VERSION = 1;
				GENERATE_INFOPLIST_FILE = YES;
				IPHONEOS_DEPLOYMENT_TARGET = 16.2;
				LD_RUNPATH_SEARCH_PATHS = (
					"$(inherited)",
					"@executable_path/Frameworks",
					"@loader_path/Frameworks",
				);
				MARKETING_VERSION = 1.0;
				PRODUCT_BUNDLE_IDENTIFIER = "self.Netomi-To-DoTests";
				PRODUCT_NAME = "$(TARGET_NAME)";
				SWIFT_EMIT_LOC_STRINGS = NO;
				SWIFT_OBJC_BRIDGING_HEADER = "Netomi_To-DoTests/Netomi_To-DoTests-Bridging-Header.h";
				SWIFT_OPTIMIZATION_LEVEL = "-Onone";
				SWIFT_VERSION = 5.0;
				TARGETED_DEVICE_FAMILY = "1,2";
				TEST_HOST = "$(BUILT_PRODUCTS_DIR)/Netomi_To-Do.app/$(BUNDLE_EXECUTABLE_FOLDER_PATH)/Netomi_To-Do";
			};
			name = Debug;
		};
		43A90DA82A2F4542002B5F08 /* Release */ = {
			isa = XCBuildConfiguration;
			baseConfigurationReference = FE67750B86008364C31F4DB3 /* Pods-Netomi_To-DoTests.release.xcconfig */;
			buildSettings = {
				ALWAYS_EMBED_SWIFT_STANDARD_LIBRARIES = YES;
				BUNDLE_LOADER = "$(TEST_HOST)";
				CLANG_ENABLE_MODULES = YES;
				CODE_SIGN_STYLE = Automatic;
				CURRENT_PROJECT_VERSION = 1;
				GENERATE_INFOPLIST_FILE = YES;
				IPHONEOS_DEPLOYMENT_TARGET = 16.2;
				LD_RUNPATH_SEARCH_PATHS = (
					"$(inherited)",
					"@executable_path/Frameworks",
					"@loader_path/Frameworks",
				);
				MARKETING_VERSION = 1.0;
				PRODUCT_BUNDLE_IDENTIFIER = "self.Netomi-To-DoTests";
				PRODUCT_NAME = "$(TARGET_NAME)";
				SWIFT_EMIT_LOC_STRINGS = NO;
				SWIFT_OBJC_BRIDGING_HEADER = "Netomi_To-DoTests/Netomi_To-DoTests-Bridging-Header.h";
				SWIFT_VERSION = 5.0;
				TARGETED_DEVICE_FAMILY = "1,2";
				TEST_HOST = "$(BUILT_PRODUCTS_DIR)/Netomi_To-Do.app/$(BUNDLE_EXECUTABLE_FOLDER_PATH)/Netomi_To-Do";
			};
			name = Release;
		};
/* End XCBuildConfiguration section */

/* Begin XCConfigurationList section */
		43A90D742A2F453F002B5F08 /* Build configuration list for PBXProject "Netomi_To-Do" */ = {
			isa = XCConfigurationList;
			buildConfigurations = (
				43A90DA12A2F4542002B5F08 /* Debug */,
				43A90DA22A2F4542002B5F08 /* Release */,
			);
			defaultConfigurationIsVisible = 0;
			defaultConfigurationName = Release;
		};
		43A90DA32A2F4542002B5F08 /* Build configuration list for PBXNativeTarget "Netomi_To-Do" */ = {
			isa = XCConfigurationList;
			buildConfigurations = (
				43A90DA42A2F4542002B5F08 /* Debug */,
				43A90DA52A2F4542002B5F08 /* Release */,
			);
			defaultConfigurationIsVisible = 0;
			defaultConfigurationName = Release;
		};
		43A90DA62A2F4542002B5F08 /* Build configuration list for PBXNativeTarget "Netomi_To-DoTests" */ = {
			isa = XCConfigurationList;
			buildConfigurations = (
				43A90DA72A2F4542002B5F08 /* Debug */,
				43A90DA82A2F4542002B5F08 /* Release */,
			);
			defaultConfigurationIsVisible = 0;
			defaultConfigurationName = Release;
		};
/* End XCConfigurationList section */
	};
	rootObject = 43A90D712A2F453F002B5F08 /* Project object */;
}
